
Microsoft Visual Studio Solution File, Format Version 12.00
# Visual Studio Version 17
VisualStudioVersion = 17.12.35707.178
MinimumVisualStudioVersion = 10.0.40219.1
Project("{FAE04EC0-301F-11D3-BF4B-00C04F79EFBC}") = "ServicePerfectCV.Domain", "ServicePerfectCV.Domain\ServicePerfectCV.Domain.csproj", "{B3BDB9E8-9631-440B-BB91-C15653416200}"
EndProject
Project("{FAE04EC0-301F-11D3-BF4B-00C04F79EFBC}") = "ServicePerfectCV.Application", "ServicePerfectCV.Application\ServicePerfectCV.Application.csproj", "{6546787C-2FFD-4657-9E2C-AF0BCFB234B8}"
EndProject
Project("{FAE04EC0-301F-11D3-BF4B-00C04F79EFBC}") = "ServicePerfectCV.Infrastructure", "ServicePerfectCV.Infrastructure\ServicePerfectCV.Infrastructure.csproj", "{135B9725-47A5-4ACA-A284-3AE7CA914F80}"
EndProject
Project("{FAE04EC0-301F-11D3-BF4B-00C04F79EFBC}") = "ServicePerfectCV.WebApi", "ServicePerfectCV.WebApi\ServicePerfectCV.WebApi.csproj", "{3CBF79C3-D493-4B59-9454-ED0817489467}"
EndProject
Project("{2150E333-8FDC-42A3-9474-1A3956D46DE8}") = "src", "service-cv-management", "{CA13B030-A1CF-4812-BF72-360E8D8D8B28}"
EndProject
Project("{2150E333-8FDC-42A3-9474-1A3956D46DE8}") = "tools", "..\..\tools", "{DE2BEB24-BA83-4977-BB13-360218228307}"
EndProject
Project("{FAE04EC0-301F-11D3-BF4B-00C04F79EFBC}") = "ServicePerfectCV.Seeder", "..\..\tools\ServicePerfectCV.Seeder\ServicePerfectCV.Seeder.csproj", "{8B8E3AF9-DA32-4D81-BCFA-0E429A53F4AD}"
EndProject
Project("{FAE04EC0-301F-11D3-BF4B-00C04F79EFBC}") = "ServicePerfectCV.Application.Tests", "..\..\tests\ServicePerfectCV.Application.Tests\ServicePerfectCV.Application.Tests.csproj", "{BBFAC611-A98A-4E86-A166-CAA4F4775631}"
EndProject
Global
	GlobalSection(SolutionConfigurationPlatforms) = preSolution
		Debug|Any CPU = Debug|Any CPU
		Release|Any CPU = Release|Any CPU
	EndGlobalSection
	GlobalSection(ProjectConfigurationPlatforms) = postSolution
		{B3BDB9E8-9631-440B-BB91-C15653416200}.Debug|Any CPU.ActiveCfg = Debug|Any CPU
		{B3BDB9E8-9631-440B-BB91-C15653416200}.Debug|Any CPU.Build.0 = Debug|Any CPU
		{B3BDB9E8-9631-440B-BB91-C15653416200}.Release|Any CPU.ActiveCfg = Release|Any CPU
		{B3BDB9E8-9631-440B-BB91-C15653416200}.Release|Any CPU.Build.0 = Release|Any CPU
		{6546787C-2FFD-4657-9E2C-AF0BCFB234B8}.Debug|Any CPU.ActiveCfg = Debug|Any CPU
		{6546787C-2FFD-4657-9E2C-AF0BCFB234B8}.Debug|Any CPU.Build.0 = Debug|Any CPU
		{6546787C-2FFD-4657-9E2C-AF0BCFB234B8}.Release|Any CPU.ActiveCfg = Release|Any CPU
		{6546787C-2FFD-4657-9E2C-AF0BCFB234B8}.Release|Any CPU.Build.0 = Release|Any CPU
		{135B9725-47A5-4ACA-A284-3AE7CA914F80}.Debug|Any CPU.ActiveCfg = Debug|Any CPU
		{135B9725-47A5-4ACA-A284-3AE7CA914F80}.Debug|Any CPU.Build.0 = Debug|Any CPU
		{135B9725-47A5-4ACA-A284-3AE7CA914F80}.Release|Any CPU.ActiveCfg = Release|Any CPU
		{135B9725-47A5-4ACA-A284-3AE7CA914F80}.Release|Any CPU.Build.0 = Release|Any CPU
		{3CBF79C3-D493-4B59-9454-ED0817489467}.Debug|Any CPU.ActiveCfg = Debug|Any CPU
		{3CBF79C3-D493-4B59-9454-ED0817489467}.Debug|Any CPU.Build.0 = Debug|Any CPU
		{3CBF79C3-D493-4B59-9454-ED0817489467}.Release|Any CPU.ActiveCfg = Release|Any CPU
		{3CBF79C3-D493-4B59-9454-ED0817489467}.Release|Any CPU.Build.0 = Release|Any CPU
		{8B8E3AF9-DA32-4D81-BCFA-0E429A53F4AD}.Debug|Any CPU.ActiveCfg = Debug|Any CPU
		{8B8E3AF9-DA32-4D81-BCFA-0E429A53F4AD}.Debug|Any CPU.Build.0 = Debug|Any CPU
		{8B8E3AF9-DA32-4D81-BCFA-0E429A53F4AD}.Release|Any CPU.ActiveCfg = Release|Any CPU
		{8B8E3AF9-DA32-4D81-BCFA-0E429A53F4AD}.Release|Any CPU.Build.0 = Release|Any CPU
		{BBFAC611-A98A-4E86-A166-CAA4F4775631}.Debug|Any CPU.ActiveCfg = Debug|Any CPU
		{BBFAC611-A98A-4E86-A166-CAA4F4775631}.Debug|Any CPU.Build.0 = Debug|Any CPU
		{BBFAC611-A98A-4E86-A166-CAA4F4775631}.Release|Any CPU.ActiveCfg = Release|Any CPU
		{BBFAC611-A98A-4E86-A166-CAA4F4775631}.Release|Any CPU.Build.0 = Release|Any CPU
	EndGlobalSection
	GlobalSection(SolutionProperties) = preSolution
		HideSolutionNode = FALSE
	EndGlobalSection
	GlobalSection(NestedProjects) = preSolution
		{B3BDB9E8-9631-440B-BB91-C15653416200} = {CA13B030-A1CF-4812-BF72-360E8D8D8B28}
		{6546787C-2FFD-4657-9E2C-AF0BCFB234B8} = {CA13B030-A1CF-4812-BF72-360E8D8D8B28}
		{135B9725-47A5-4ACA-A284-3AE7CA914F80} = {CA13B030-A1CF-4812-BF72-360E8D8D8B28}
		{3CBF79C3-D493-4B59-9454-ED0817489467} = {CA13B030-A1CF-4812-BF72-360E8D8D8B28}
		{8B8E3AF9-DA32-4D81-BCFA-0E429A53F4AD} = {DE2BEB24-BA83-4977-BB13-360218228307}
	EndGlobalSection
EndGlobal
